
Microsoft Visual Studio Solution File, Format Version 12.00
# Visual Studio Version 17
VisualStudioVersion = 17.8.34511.84
MinimumVisualStudioVersion = 10.0.40219.1
Project("{FAE04EC0-301F-11D3-BF4B-00C04F79EFBC}") = "COMP003ALectureActivity2", "COMP003ALectureActivity2\COMP003ALectureActivity2.csproj", "{288C74F1-AD21-4EFE-B115-A216A9791C63}"
EndProject
Global
	GlobalSection(SolutionConfigurationPlatforms) = preSolution
		Debug|Any CPU = Debug|Any CPU
		Release|Any CPU = Release|Any CPU
	EndGlobalSection
	GlobalSection(ProjectConfigurationPlatforms) = postSolution
		{288C74F1-AD21-4EFE-B115-A216A9791C63}.Debug|Any CPU.ActiveCfg = Debug|Any CPU
		{288C74F1-AD21-4EFE-B115-A216A9791C63}.Debug|Any CPU.Build.0 = Debug|Any CPU
		{288C74F1-AD21-4EFE-B115-A216A9791C63}.Release|Any CPU.ActiveCfg = Release|Any CPU
		{288C74F1-AD21-4EFE-B115-A216A9791C63}.Release|Any CPU.Build.0 = Release|Any CPU
	EndGlobalSection
	GlobalSection(SolutionProperties) = preSolution
		HideSolutionNode = FALSE
	EndGlobalSection
	GlobalSection(ExtensibilityGlobals) = postSolution
		SolutionGuid = {FFEEDD85-ECD3-4AA7-A9C6-CFFE2238F830}
	EndGlobalSection
EndGlobal
